
Microsoft Visual Studio Solution File, Format Version 12.00
# Visual Studio 15
VisualStudioVersion = 15.0.28010.2046
MinimumVisualStudioVersion = 10.0.40219.1
Project("{FAE04EC0-301F-11D3-BF4B-00C04F79EFBC}") = "TalentCoach", "TalentCoach\TalentCoach.csproj", "{49FAB75F-0555-4F5A-A2E4-1A4688B94F6F}"
EndProject
Project("{FAE04EC0-301F-11D3-BF4B-00C04F79EFBC}") = "TalentCoach.Tests", "TalentCoach.Tests\TalentCoach.Tests.csproj", "{8857B7D1-E70B-448E-B27D-24C754CAB974}"
EndProject
Project("{2150E333-8FDC-42A3-9474-1A3956D46DE8}") = "Solution Items", "Solution Items", "{E34B4162-95D8-4B58-BBEF-9FA6247CF725}"
	ProjectSection(SolutionItems) = preProject
		.editorconfig = .editorconfig
	EndProjectSection
EndProject
Global
	GlobalSection(SolutionConfigurationPlatforms) = preSolution
		Debug|Any CPU = Debug|Any CPU
		Release|Any CPU = Release|Any CPU
	EndGlobalSection
	GlobalSection(ProjectConfigurationPlatforms) = postSolution
		{49FAB75F-0555-4F5A-A2E4-1A4688B94F6F}.Debug|Any CPU.ActiveCfg = Debug|Any CPU
		{49FAB75F-0555-4F5A-A2E4-1A4688B94F6F}.Debug|Any CPU.Build.0 = Debug|Any CPU
		{49FAB75F-0555-4F5A-A2E4-1A4688B94F6F}.Release|Any CPU.ActiveCfg = Release|Any CPU
		{49FAB75F-0555-4F5A-A2E4-1A4688B94F6F}.Release|Any CPU.Build.0 = Release|Any CPU
		{8857B7D1-E70B-448E-B27D-24C754CAB974}.Debug|Any CPU.ActiveCfg = Debug|Any CPU
		{8857B7D1-E70B-448E-B27D-24C754CAB974}.Debug|Any CPU.Build.0 = Debug|Any CPU
		{8857B7D1-E70B-448E-B27D-24C754CAB974}.Release|Any CPU.ActiveCfg = Release|Any CPU
		{8857B7D1-E70B-448E-B27D-24C754CAB974}.Release|Any CPU.Build.0 = Release|Any CPU
	EndGlobalSection
	GlobalSection(SolutionProperties) = preSolution
		HideSolutionNode = FALSE
	EndGlobalSection
	GlobalSection(ExtensibilityGlobals) = postSolution
		SolutionGuid = {1D899AF2-4408-4BA8-B1B7-DC938FDAFFE4}
	EndGlobalSection
EndGlobal
